[root]
name = "sass"
version = "0.1.0"
dependencies = [
 "sass-rs 0.0.18 (git+https://github.com/compass-rs/sass-rs)",
]

[[package]]
name = "libc"
version = "0.2.10"
source = "registry+https://github.com/rust-lang/crates.io-index"

[[package]]
name = "pkg-config"
version = "0.3.8"
source = "registry+https://github.com/rust-lang/crates.io-index"

[[package]]
name = "sass-rs"
version = "0.0.18"
source = "git+https://github.com/compass-rs/sass-rs#31758bb2a3f4b2a6b3386a2651deddc456a5abb9"
dependencies = [
 "libc 0.2.10 (registry+https://github.com/rust-lang/crates.io-index)",
 "sass-sys 0.0.14 (registry+https://github.com/rust-lang/crates.io-index)",
]

[[package]]
name = "sass-sys"
version = "0.0.14"
source = "registry+https://github.com/rust-lang/crates.io-index"
dependencies = [
 "libc 0.2.10 (registry+https://github.com/rust-lang/crates.io-index)",
 "pkg-config 0.3.8 (registry+https://github.com/rust-lang/crates.io-index)",
]

