[root]
name = "sass"
version = "0.1.0"
dependencies = [
 "runtime 0.1.0",
 "sass-rs 0.0.18 (git+https://github.com/compass-rs/sass-rs)",
]

[[package]]
name = "bitflags"
version = "0.1.1"
source = "registry+https://github.com/rust-lang/crates.io-index"

[[package]]
name = "gcc"
version = "0.3.28"
source = "registry+https://github.com/rust-lang/crates.io-index"

[[package]]
name = "libc"
version = "0.1.12"
source = "registry+https://github.com/rust-lang/crates.io-index"

[[package]]
name = "libc"
version = "0.2.10"
source = "registry+https://github.com/rust-lang/crates.io-index"

[[package]]
name = "lua"
version = "0.0.8"
source = "git+https://github.com/jcmoyer/rust-lua53#9d3c7dcab683a404f561e0d252f7672b75051680"
dependencies = [
 "bitflags 0.1.1 (registry+https://github.com/rust-lang/crates.io-index)",
 "gcc 0.3.28 (registry+https://github.com/rust-lang/crates.io-index)",
 "libc 0.1.12 (registry+https://github.com/rust-lang/crates.io-index)",
]

[[package]]
name = "pkg-config"
version = "0.3.8"
source = "registry+https://github.com/rust-lang/crates.io-index"

[[package]]
name = "runtime"
version = "0.1.0"
dependencies = [
 "libc 0.1.12 (registry+https://github.com/rust-lang/crates.io-index)",
 "lua 0.0.8 (git+https://github.com/jcmoyer/rust-lua53)",
]

[[package]]
name = "sass-rs"
version = "0.0.18"
source = "git+https://github.com/compass-rs/sass-rs#31758bb2a3f4b2a6b3386a2651deddc456a5abb9"
dependencies = [
 "libc 0.2.10 (registry+https://github.com/rust-lang/crates.io-index)",
 "sass-sys 0.0.14 (registry+https://github.com/rust-lang/crates.io-index)",
]

[[package]]
name = "sass-sys"
version = "0.0.14"
source = "registry+https://github.com/rust-lang/crates.io-index"
dependencies = [
 "libc 0.2.10 (registry+https://github.com/rust-lang/crates.io-index)",
 "pkg-config 0.3.8 (registry+https://github.com/rust-lang/crates.io-index)",
]

