[root]
name = "fs"
version = "0.1.0"
dependencies = [
 "script 0.1.0",
]

[[package]]
name = "bitflags"
version = "0.1.1"
source = "registry+https://github.com/rust-lang/crates.io-index"

[[package]]
name = "filetime"
version = "0.1.10"
source = "registry+https://github.com/rust-lang/crates.io-index"
dependencies = [
 "libc 0.2.15 (registry+https://github.com/rust-lang/crates.io-index)",
]

[[package]]
name = "gcc"
version = "0.3.32"
source = "registry+https://github.com/rust-lang/crates.io-index"

[[package]]
name = "libc"
version = "0.2.15"
source = "registry+https://github.com/rust-lang/crates.io-index"

[[package]]
name = "log"
version = "0.3.6"
source = "registry+https://github.com/rust-lang/crates.io-index"

[[package]]
name = "lua"
version = "0.0.9"
source = "git+https://github.com/jcmoyer/rust-lua53#dea0691bfbb98e671d4b5359e7777def53150708"
dependencies = [
 "bitflags 0.1.1 (registry+https://github.com/rust-lang/crates.io-index)",
 "gcc 0.3.32 (registry+https://github.com/rust-lang/crates.io-index)",
 "libc 0.2.15 (registry+https://github.com/rust-lang/crates.io-index)",
]

[[package]]
name = "script"
version = "0.1.0"
dependencies = [
 "filetime 0.1.10 (registry+https://github.com/rust-lang/crates.io-index)",
 "log 0.3.6 (registry+https://github.com/rust-lang/crates.io-index)",
 "lua 0.0.9 (git+https://github.com/jcmoyer/rust-lua53)",
]

